{
  "name": "torrent-info",
  "version": "1.0.0",
  "lockfileVersion": 1,
  "dependencies": {
    "ansi-parser": {
      "version": "3.2.7",
      "resolved": "https://registry.npmjs.org/ansi-parser/-/ansi-parser-3.2.7.tgz",
      "integrity": "sha1-oeAf/4/z9y1HDKtN4+H+ZuaxixE="
    },
    "bencode": {
      "version": "0.11.0",
      "resolved": "https://registry.npmjs.org/bencode/-/bencode-0.11.0.tgz",
      "integrity": "sha1-fqZdTOADADk6Q6ktVkC2+wIE3GQ="
    },
    "blob-to-buffer": {
      "version": "1.2.6",
      "resolved": "https://registry.npmjs.org/blob-to-buffer/-/blob-to-buffer-1.2.6.tgz",
      "integrity": "sha1-CJrCZMaGtz6tbFOaSEqAA7+7IDM="
    },
    "cli-box": {
      "version": "6.0.7",
      "resolved": "https://registry.npmjs.org/cli-box/-/cli-box-6.0.7.tgz",
      "integrity": "sha1-xkxsWWuOP8MZ4Qp8lpV3Rz/X5YQ="
    },
    "couleurs": {
      "version": "5.0.0",
      "resolved": "https://registry.npmjs.org/couleurs/-/couleurs-5.0.0.tgz",
      "integrity": "sha1-HNOs5cyhvsAEFXiydGSyZ2OH9ts=",
      "dependencies": {
        "typpy": {
          "version": "2.0.0",
          "resolved": "https://registry.npmjs.org/typpy/-/typpy-2.0.0.tgz",
          "integrity": "sha1-re87rMEv9Hr/kg+rA6j/MnnXN9Y="
        }
      }
    },
    "deffy": {
      "version": "2.2.2",
      "resolved": "https://registry.npmjs.org/deffy/-/deffy-2.2.2.tgz",
      "integrity": "sha1-CI9AkTy0cHhlP6b2l8IG4DRx1SM="
    },
    "docopt": {
      "version": "0.6.2",
      "resolved": "https://registry.npmjs.org/docopt/-/docopt-0.6.2.tgz",
      "integrity": "sha1-so6eIiDaXsSffqW7JKR3h0Be6xE="
    },
    "flat-colors": {
      "version": "3.0.0",
      "resolved": "https://registry.npmjs.org/flat-colors/-/flat-colors-3.0.0.tgz",
      "integrity": "sha1-JTqxojmJwyHxOwrNS/c//0By7Lc="
    },
    "function.name": {
      "version": "1.0.8",
      "resolved": "https://registry.npmjs.org/function.name/-/function.name-1.0.8.tgz",
      "integrity": "sha1-0RwS5Kffp958cdnFBFZwg7tr4Fs="
    },
    "get-stdin": {
      "version": "5.0.1",
      "resolved": "https://registry.npmjs.org/get-stdin/-/get-stdin-5.0.1.tgz",
      "integrity": "sha1-Ei4WFZHiH/TFJTAwVpPyDmOTo5g="
    },
    "is-undefined": {
      "version": "1.0.7",
      "resolved": "https://registry.npmjs.org/is-undefined/-/is-undefined-1.0.7.tgz",
      "integrity": "sha1-ywYAihvjVB+MorBENQ2kNW5wQZU="
    },
    "is-win": {
      "version": "1.0.6",
      "resolved": "https://registry.npmjs.org/is-win/-/is-win-1.0.6.tgz",
      "integrity": "sha1-R2XdZ4iNMpFe0UG4LiM5+fw1IFU="
    },
    "le-table": {
      "version": "6.1.6",
      "resolved": "https://registry.npmjs.org/le-table/-/le-table-6.1.6.tgz",
      "integrity": "sha1-1CBj7o7SBvr/k5oQj/yFw9LRuN0="
    },
    "magnet-uri": {
      "version": "5.1.7",
      "resolved": "https://registry.npmjs.org/magnet-uri/-/magnet-uri-5.1.7.tgz",
      "integrity": "sha1-j4AWq3TEFfJ09PsZQ/qvfpIDDv8="
    },
    "noop6": {
      "version": "1.0.6",
      "resolved": "https://registry.npmjs.org/noop6/-/noop6-1.0.6.tgz",
      "integrity": "sha1-6ytrXuEkigKDjuDOoS6N1cqvhJs="
    },
    "once": {
      "version": "1.4.0",
      "resolved": "https://registry.npmjs.org/once/-/once-1.4.0.tgz",
      "integrity": "sha1-WDsap3WWHUsROsF9nFC6753Xa9E="
    },
    "overlap": {
      "version": "2.2.7",
      "resolved": "https://registry.npmjs.org/overlap/-/overlap-2.2.7.tgz",
      "integrity": "sha1-5L8p/Szvw7wQrfqNos5MxsScnYw=",
      "dependencies": {
        "ansi-parser": {
          "version": "3.0.0",
          "resolved": "https://registry.npmjs.org/ansi-parser/-/ansi-parser-3.0.0.tgz",
          "integrity": "sha1-lFwOcjLK9WdSFzdbPriJIAjBRik="
        },
        "cli-box": {
          "version": "5.0.0",
          "resolved": "https://registry.npmjs.org/cli-box/-/cli-box-5.0.0.tgz",
          "integrity": "sha1-hw6oqnfnwlF5QWzsz+XtBpCARgI="
        },
        "deffy": {
          "version": "2.0.0",
          "resolved": "https://registry.npmjs.org/deffy/-/deffy-2.0.0.tgz",
          "integrity": "sha1-+C4I7qUYxKCjCx8D7FBNJIryiTI="
        },
        "typpy": {
          "version": "2.0.0",
          "resolved": "https://registry.npmjs.org/typpy/-/typpy-2.0.0.tgz",
          "integrity": "sha1-re87rMEv9Hr/kg+rA6j/MnnXN9Y="
        },
        "ul": {
          "version": "5.0.0",
          "resolved": "https://registry.npmjs.org/ul/-/ul-5.0.0.tgz",
          "integrity": "sha1-yoDXkwJfP9Xcm/g0aYGNMQp8mmI="
        }
      }
    },
    "parse-torrent": {
      "version": "5.8.3",
      "resolved": "https://registry.npmjs.org/parse-torrent/-/parse-torrent-5.8.3.tgz",
      "integrity": "sha1-+V7yMwEjlgneQGeUrZ+VihvKG2w="
    },
    "parse-torrent-file": {
      "version": "4.0.2",
      "resolved": "https://registry.npmjs.org/parse-torrent-file/-/parse-torrent-file-4.0.2.tgz",
      "integrity": "sha1-mBoiFDgyq7zZkFLYidMaOa4/m/4="
    },
    "rusha": {
      "version": "0.8.6",
      "resolved": "https://registry.npmjs.org/rusha/-/rusha-0.8.6.tgz",
      "integrity": "sha1-smTdqk1JodZzAAYYWLqTWMStyhQ="
    },
    "safe-buffer": {
      "version": "5.0.1",
      "resolved": "https://registry.npmjs.org/safe-buffer/-/safe-buffer-5.0.1.tgz",
      "integrity": "sha1-0mPKVGls2KMGtcplUekt5XkY++c="
    },
    "simple-concat": {
      "version": "1.0.0",
      "resolved": "https://registry.npmjs.org/simple-concat/-/simple-concat-1.0.0.tgz",
      "integrity": "sha1-c0TLuLbib7J9ZrL8hvn21Zl1IcY="
    },
    "simple-get": {
      "version": "2.6.0",
      "resolved": "https://registry.npmjs.org/simple-get/-/simple-get-2.6.0.tgz",
      "integrity": "sha1-uwEUTbSbPUwQdhXc9I0+5ASxbgY="
    },
    "simple-sha1": {
      "version": "2.1.0",
      "resolved": "https://registry.npmjs.org/simple-sha1/-/simple-sha1-2.1.0.tgz",
      "integrity": "sha1-lCe7lv8SY8wQqEFM7dUaGLkZ6LM="
    },
    "thirty-two": {
      "version": "1.0.2",
      "resolved": "https://registry.npmjs.org/thirty-two/-/thirty-two-1.0.2.tgz",
      "integrity": "sha1-TKL//AKlEpDSdEueP1V2k8prYno="
    },
    "typpy": {
      "version": "2.3.8",
      "resolved": "https://registry.npmjs.org/typpy/-/typpy-2.3.8.tgz",
      "integrity": "sha1-XfwKHpueT5KH74+pTc6KoYED5YE="
    },
    "ul": {
      "version": "5.2.11",
      "resolved": "https://registry.npmjs.org/ul/-/ul-5.2.11.tgz",
      "integrity": "sha1-3AWObKxOKq5fBbRQeEAp0QISdDs="
    },
    "uniq": {
      "version": "1.0.1",
      "resolved": "https://registry.npmjs.org/uniq/-/uniq-1.0.1.tgz",
      "integrity": "sha1-sxxa6CVIRKOoKBVBzisEuGWnNP8="
    },
    "unzip-response": {
      "version": "2.0.1",
      "resolved": "https://registry.npmjs.org/unzip-response/-/unzip-response-2.0.1.tgz",
      "integrity": "sha1-0vD3N9FrBhXnKmk17QQhRXLVb5c="
    },
    "wrappy": {
      "version": "1.0.2",
      "resolved": "https://registry.npmjs.org/wrappy/-/wrappy-1.0.2.tgz",
      "integrity": "sha1-tSQ9jz7BqjXxNkYFvA0QNuMKtp8="
    },
    "x256": {
      "version": "0.0.2",
      "resolved": "https://registry.npmjs.org/x256/-/x256-0.0.2.tgz",
      "integrity": "sha1-ya8Yh296F1gB1WT+cK2egxd4STQ="
    },
    "xtend": {
      "version": "4.0.1",
      "resolved": "https://registry.npmjs.org/xtend/-/xtend-4.0.1.tgz",
      "integrity": "sha1-pcbVMr5lbiPbgg77lDofBJmNY68="
    }
  }
}
