# THIS IS AN AUTOGENERATED FILE. DO NOT EDIT THIS FILE DIRECTLY.
# yarn lockfile v1


ansi-parser@3.0.0:
  version "3.0.0"
  resolved "https://registry.yarnpkg.com/ansi-parser/-/ansi-parser-3.0.0.tgz#945c0e7232caf5675217375b3eb8892008c14629"
  integrity sha1-lFwOcjLK9WdSFzdbPriJIAjBRik=

ansi-parser@^3.2.1:
  version "3.2.9"
  resolved "https://registry.yarnpkg.com/ansi-parser/-/ansi-parser-3.2.9.tgz#42347935924456f00c43ebae0dbba95421f09173"
  integrity sha512-x2Xyol4vxAfYML/DPVaUZuUon+gXrr94Xk32HZh+omGwwxCeXr4bntDiTNxgPcGLGS091JiVjJ3yYQ/mG2gKPA==

bencode@^2.0.0:
  version "2.0.1"
  resolved "https://registry.yarnpkg.com/bencode/-/bencode-2.0.1.tgz#667a6a31c5e038d558608333da6b7c94e836c85b"
  integrity sha512-2uhEl8FdjSBUyb69qDTgOEeeqDTa+n3yMQzLW0cOzNf1Ow5bwcg3idf+qsWisIKRH8Bk8oC7UXL8irRcPA8ZEQ==
  dependencies:
    safe-buffer "^5.1.1"

blob-to-buffer@^1.2.6:
  version "1.2.8"
  resolved "https://registry.yarnpkg.com/blob-to-buffer/-/blob-to-buffer-1.2.8.tgz#78eeeb332f1280ed0ca6fb2b60693a8c6d36903a"
  integrity sha512-re0AIxakF504MgeMtIyJkVcZ8T5aUxtp/QmTMlmjyb3P44E1BEv5x3LATBGApWAJATyXHtkXRD+gWTmeyYLiQA==

cli-box@5.0.0:
  version "5.0.0"
  resolved "https://registry.yarnpkg.com/cli-box/-/cli-box-5.0.0.tgz#870ea8aa77e7c25179416ceccfe5ed0690804602"
  integrity sha1-hw6oqnfnwlF5QWzsz+XtBpCARgI=
  dependencies:
    ansi-parser "3.0.0"
    ul "5.0.0"

cli-box@^6.0.0:
  version "6.0.9"
  resolved "https://registry.yarnpkg.com/cli-box/-/cli-box-6.0.9.tgz#b3bc749e8c8a95f058c47d8b8c4008eb28414279"
  integrity sha512-ypEsJxO2gUdUyZCinPB1gP8Amhzo0akC/HbCVk9JAYNlY3Z9KgfTEduZrckIGjWE6XKPoPhFPWzwmQ5gc4DaRA==
  dependencies:
    ansi-parser "^3.2.1"
    deffy "^2.2.1"
    is-undefined "^1.0.0"
    is-win "^1.0.0"
    ul "^5.2.1"

couleurs@5.0.0:
  version "5.0.0"
  resolved "https://registry.yarnpkg.com/couleurs/-/couleurs-5.0.0.tgz#1cd3ace5cca1bec0041578b27464b2676387f6db"
  integrity sha1-HNOs5cyhvsAEFXiydGSyZ2OH9ts=
  dependencies:
    flat-colors "3.0.0"
    typpy "2.0.0"
    x256 "0.0.2"

decompress-response@^3.3.0:
  version "3.3.0"
  resolved "https://registry.yarnpkg.com/decompress-response/-/decompress-response-3.3.0.tgz#80a4dd323748384bfa248083622aedec982adff3"
  integrity sha1-gKTdMjdIOEv6JICDYirt7Jgq3/M=
  dependencies:
    mimic-response "^1.0.0"

deffy@2.0.0:
  version "2.0.0"
  resolved "https://registry.yarnpkg.com/deffy/-/deffy-2.0.0.tgz#f82e08eea518c4a0a30b1f03ec504d248af28932"
  integrity sha1-+C4I7qUYxKCjCx8D7FBNJIryiTI=
  dependencies:
    typpy "^2.0.0"

deffy@^2.2.1, deffy@^2.2.2:
  version "2.2.3"
  resolved "https://registry.yarnpkg.com/deffy/-/deffy-2.2.3.tgz#16671c969a8fc447c76dd6bb0d265dd2d1b9c361"
  integrity sha512-c5JD8Z6V1aBWVzn1+aELL97R1pHCwEjXeU3hZXdigkZkxb9vhgFP162kAxGXl992TtAg0btwQyx7d54CqcQaXQ==
  dependencies:
    typpy "^2.0.0"

docopt@^0.6.2:
  version "0.6.2"
  resolved "https://registry.yarnpkg.com/docopt/-/docopt-0.6.2.tgz#b28e9e2220da5ec49f7ea5bb24a47787405eeb11"
  integrity sha1-so6eIiDaXsSffqW7JKR3h0Be6xE=

flat-colors@3.0.0:
  version "3.0.0"
  resolved "https://registry.yarnpkg.com/flat-colors/-/flat-colors-3.0.0.tgz#253ab1a23989c321f13b0acd4bf73fff4072ecb7"
  integrity sha1-JTqxojmJwyHxOwrNS/c//0By7Lc=

function.name@^1.0.3:
  version "1.0.12"
  resolved "https://registry.yarnpkg.com/function.name/-/function.name-1.0.12.tgz#34eec84476d9fb67977924a4cdcb98ec85695726"
  integrity sha512-C7Tu+rAFrWW5RjXqtKtXp2xOdCujq+4i8ZH3w0uz/xrYHBwXZrPt96x8cDAEHrIjeyEv/Jm6iDGyqupbaVQTlw==
  dependencies:
    noop6 "^1.0.1"

get-stdin@^7.0.0:
  version "7.0.0"
  resolved "https://registry.yarnpkg.com/get-stdin/-/get-stdin-7.0.0.tgz#8d5de98f15171a125c5e516643c7a6d0ea8a96f6"
  integrity sha512-zRKcywvrXlXsA0v0i9Io4KDRaAw7+a1ZpjRwl9Wox8PFlVCCHra7E9c4kqXCoCM9nR5tBkaTTZRBoCm60bFqTQ==

is-undefined@^1.0.0:
  version "1.0.10"
  resolved "https://registry.yarnpkg.com/is-undefined/-/is-undefined-1.0.10.tgz#3af5ac9264616252784287018f6a3046b7ef31bc"
  integrity sha512-hMauRkt6V5toiszSuYtQFwRHRW1nrv8nhhgVEImNpxaBV6nJsHU9hT9g9YPabnN7aY6S1Lcg+1WF2GshniuSoQ==

is-win@^1.0.0:
  version "1.0.9"
  resolved "https://registry.yarnpkg.com/is-win/-/is-win-1.0.9.tgz#bde41e505614c00980c891c2f08d0a5858d71eab"
  integrity sha512-YRT/Lz4mMDl11TgyicW+EQdfkswgmd0PWSmf4612ZDe1A0uAz9vkWxHA+87ZoP2f3PUmpNuNdW6ZD8QQOX4nwA==

le-table@^6.1.6:
  version "6.1.9"
  resolved "https://registry.yarnpkg.com/le-table/-/le-table-6.1.9.tgz#4f368778d4d73c3c4fca3babb9624e31497155ae"
  integrity sha512-14d25kaK1uSOyAIarbeUgJYwaUgKYyQ6jIz2uvPmj6H0UpEbHaUPboduQsICVpBfTOHyG+99UTRS/+gafLp6wA==
  dependencies:
    ansi-parser "^3.2.1"
    cli-box "^6.0.0"
    overlap "^2.2.1"
    ul "^5.2.1"

magnet-uri@^5.1.3:
  version "5.2.4"
  resolved "https://registry.yarnpkg.com/magnet-uri/-/magnet-uri-5.2.4.tgz#7afe5b736af04445aff744c93a890a3710077688"
  integrity sha512-VYaJMxhr8B9BrCiNINUsuhaEe40YnG+AQBwcqUKO66lSVaI9I3A1iH/6EmEwRI8OYUg5Gt+4lLE7achg676lrg==
  dependencies:
    thirty-two "^1.0.1"
    uniq "^1.0.1"

mimic-response@^1.0.0:
  version "1.0.1"
  resolved "https://registry.yarnpkg.com/mimic-response/-/mimic-response-1.0.1.tgz#4923538878eef42063cb8a3e3b0798781487ab1b"
  integrity sha512-j5EctnkH7amfV/q5Hgmoal1g2QHFJRraOtmx0JpIqkxhBhI/lJSl1nMpQ45hVarwNETOoWEimndZ4QK0RHxuxQ==

noop6@^1.0.1:
  version "1.0.8"
  resolved "https://registry.yarnpkg.com/noop6/-/noop6-1.0.8.tgz#eff06e2e5b3621e9e5618f389d6a2294f76e64ad"
  integrity sha512-+Al5csMVc40I8xRfJsyBcN1IbpyvebOuQmMfxdw+AL6ECELey12ANgNTRhMfTwNIDU4W9W0g8EHLcsb3+3qPFA==

once@^1.3.1:
  version "1.4.0"
  resolved "https://registry.yarnpkg.com/once/-/once-1.4.0.tgz#583b1aa775961d4b113ac17d9c50baef9dd76bd1"
  integrity sha1-WDsap3WWHUsROsF9nFC6753Xa9E=
  dependencies:
    wrappy "1"

overlap@^2.2.1:
  version "2.2.9"
  resolved "https://registry.yarnpkg.com/overlap/-/overlap-2.2.9.tgz#a143557b9577f65d786ce54c495215b8f5821355"
  integrity sha512-rKrKOAkS9aa7LrIx4ttXMe/VgriDA/+xlTtxwiUcvXLqkpJLeyvqHBY28tm2i0Np6PFjw74utUHtnedyL9qF4A==
  dependencies:
    ansi-parser "3.0.0"
    cli-box "5.0.0"
    couleurs "5.0.0"

parse-torrent@^7.0.1:
  version "7.0.1"
  resolved "https://registry.yarnpkg.com/parse-torrent/-/parse-torrent-7.0.1.tgz#669c51a95363550055c7de0957741d6a05575daf"
  integrity sha512-FdF1kBImRLt+ICV4NTz8L+sI2hFlPXAq1tXuw21gKz8EuThyVUFJ/wPfBEyYQrvnBpmGf7cM/LVSOhMRe8MrKw==
  dependencies:
    bencode "^2.0.0"
    blob-to-buffer "^1.2.6"
    get-stdin "^7.0.0"
    magnet-uri "^5.1.3"
    simple-get "^3.0.1"
    simple-sha1 "^3.0.0"
    uniq "^1.0.1"

queue-microtask@^1.1.2:
  version "1.1.2"
  resolved "https://registry.yarnpkg.com/queue-microtask/-/queue-microtask-1.1.2.tgz#139bf8186db0c545017ec66c2664ac646d5c571e"
  integrity sha512-F9wwNePtXrzZenAB3ax0Y8TSKGvuB7Qw16J30hspEUTbfUM+H827XyN3rlpwhVmtm5wuZtbKIHjOnwDn7MUxWQ==

rusha@^0.8.1:
  version "0.8.13"
  resolved "https://registry.yarnpkg.com/rusha/-/rusha-0.8.13.tgz#9a084e7b860b17bff3015b92c67a6a336191513a"
  integrity sha1-mghOe4YLF7/zAVuSxnpqM2GRUTo=

safe-buffer@^5.1.1:
  version "5.2.0"
  resolved "https://registry.yarnpkg.com/safe-buffer/-/safe-buffer-5.2.0.tgz#b74daec49b1148f88c64b68d49b1e815c1f2f519"
  integrity sha512-fZEwUGbVl7kouZs1jCdMLdt95hdIv0ZeHg6L7qPeciMZhZ+/gdesW4wgTARkrFWEpspjEATAzUGPG8N2jJiwbg==

simple-concat@^1.0.0:
  version "1.0.0"
  resolved "https://registry.yarnpkg.com/simple-concat/-/simple-concat-1.0.0.tgz#7344cbb8b6e26fb27d66b2fc86f9f6d5997521c6"
  integrity sha1-c0TLuLbib7J9ZrL8hvn21Zl1IcY=

simple-get@^3.0.1:
  version "3.0.3"
  resolved "https://registry.yarnpkg.com/simple-get/-/simple-get-3.0.3.tgz#924528ac3f9d7718ce5e9ec1b1a69c0be4d62efa"
  integrity sha512-Wvre/Jq5vgoz31Z9stYWPLn0PqRqmBDpFSdypAnHu5AvRVCYPRYGnvryNLiXu8GOBNDH82J2FRHUGMjjHUpXFw==
  dependencies:
    decompress-response "^3.3.0"
    once "^1.3.1"
    simple-concat "^1.0.0"

simple-sha1@^3.0.0:
  version "3.0.1"
  resolved "https://registry.yarnpkg.com/simple-sha1/-/simple-sha1-3.0.1.tgz#b34c3c978d74ac4baf99b6555c1e6736e0d6e700"
  integrity sha512-q7ehqWfHc1VhOm7sW099YDZ4I0yYX7rqyhqqhHV1IYeUTjPOhHyD3mXvv8k2P+rO7+7c8R4/D+8ffzC9BE7Cqg==
  dependencies:
    queue-microtask "^1.1.2"
    rusha "^0.8.1"

thirty-two@^1.0.1:
  version "1.0.2"
  resolved "https://registry.yarnpkg.com/thirty-two/-/thirty-two-1.0.2.tgz#4ca2fffc02a51290d2744b9e3f557693ca6b627a"
  integrity sha1-TKL//AKlEpDSdEueP1V2k8prYno=

typpy@2.0.0:
  version "2.0.0"
  resolved "https://registry.yarnpkg.com/typpy/-/typpy-2.0.0.tgz#adef3bacc12ff47aff920fab03a8ff3279d737d6"
  integrity sha1-re87rMEv9Hr/kg+rA6j/MnnXN9Y=

typpy@^2.0.0, typpy@^2.3.4:
  version "2.3.11"
  resolved "https://registry.yarnpkg.com/typpy/-/typpy-2.3.11.tgz#21a0d22c96fb646306e08b6c669ad43608e1b3b9"
  integrity sha512-Jh/fykZSaxeKO0ceMAs6agki9T5TNA9kiIR6fzKbvafKpIw8UlNlHhzuqKyi5lfJJ5VojJOx9tooIbyy7vHV/g==
  dependencies:
    function.name "^1.0.3"

ul@5.0.0:
  version "5.0.0"
  resolved "https://registry.yarnpkg.com/ul/-/ul-5.0.0.tgz#ca80d793025f3fd5dc9bf83469818d310a7c9a62"
  integrity sha1-yoDXkwJfP9Xcm/g0aYGNMQp8mmI=
  dependencies:
    deffy "2.0.0"
    typpy "2.0.0"

ul@^5.2.1:
  version "5.2.14"
  resolved "https://registry.yarnpkg.com/ul/-/ul-5.2.14.tgz#560abd28d0f9762010b0e7a84a56e7208166f61a"
  integrity sha512-VaIRQZ5nkEd8VtI3OYo5qNbhHQuBtPtu5k5GrYaKCmcP1H+FkuWtS+XFTSU1oz5GiuAg2FJL5ka8ufr9zdm8eg==
  dependencies:
    deffy "^2.2.2"
    typpy "^2.3.4"

uniq@^1.0.1:
  version "1.0.1"
  resolved "https://registry.yarnpkg.com/uniq/-/uniq-1.0.1.tgz#b31c5ae8254844a3a8281541ce2b04b865a734ff"
  integrity sha1-sxxa6CVIRKOoKBVBzisEuGWnNP8=

wrappy@1:
  version "1.0.2"
  resolved "https://registry.yarnpkg.com/wrappy/-/wrappy-1.0.2.tgz#b5243d8f3ec1aa35f1364605bc0d1036e30ab69f"
  integrity sha1-tSQ9jz7BqjXxNkYFvA0QNuMKtp8=

x256@0.0.2:
  version "0.0.2"
  resolved "https://registry.yarnpkg.com/x256/-/x256-0.0.2.tgz#c9af18876f7a175801d564fe70ad9e8317784934"
  integrity sha1-ya8Yh296F1gB1WT+cK2egxd4STQ=
